<?xml version="1.0" encoding="UTF-8" standalone="yes" ?>
<CodeBlocks_project_file>
	<FileVersion major="1" minor="6" />
	<Project>
		<Option title="Proiect3" />
		<Option pch_mode="2" />
		<Option compiler="gcc" />
		<Build>
			<Target title="Debug">
				<Option output="bin/Debug/Proiect3" prefix_auto="1" extension_auto="1" />
				<Option object_output="obj/Debug/" />
				<Option type="1" />
				<Option compiler="gcc" />
				<Compiler>
					<Add option="-g" />
				</Compiler>
			</Target>
			<Target title="Release">
				<Option output="bin/Release/Proiect3" prefix_auto="1" extension_auto="1" />
				<Option object_output="obj/Release/" />
				<Option type="1" />
				<Option compiler="gcc" />
				<Compiler>
					<Add option="-O2" />
				</Compiler>
				<Linker>
					<Add option="-s" />
				</Linker>
			</Target>
		</Build>
		<Compiler>
			<Add option="-Wall" />
			<Add option="-fexceptions" />
		</Compiler>
		<Unit filename="Except.h" />
		<Unit filename="Masina.cpp" />
		<Unit filename="Masina.h" />
		<Unit filename="MasinaCompacta.cpp" />
		<Unit filename="MasinaCompacta.h" />
		<Unit filename="MasinaMica.cpp" />
		<Unit filename="MasinaMica.h" />
		<Unit filename="MasinaMini.cpp" />
		<Unit filename="MasinaMini.h" />
		<Unit filename="MasinaMonovolum.cpp" />
		<Unit filename="MasinaMonovolum.h" />
		<Unit filename="Meniu.cpp" />
		<Unit filename="Meniu.h" />
		<Unit filename="Test.cpp" />
		<Unit filename="Test.h" />
		<Unit filename="Vanzare.h" />
		<Unit filename="main.cpp" />
		<Extensions>
			<lib_finder disable_auto="1" />
		</Extensions>
	</Project>
</CodeBlocks_project_file>
